# THIS IS AN AUTOGENERATED FILE. DO NOT EDIT THIS FILE DIRECTLY.
# yarn lockfile v1


redeux@^5.1.0:
  version "5.1.0"
  resolved "https://registry.yarnpkg.com/redeux/-/redeux-5.1.0.tgz#5da0a91f96304565fea20734244dc60332c7e929"
  integrity sha512-p/EUgw8hZPAxaZ/LVe8Kf/THK4tDpZxcvrM9QWxa1aKLyeSg+FpXTDhmlCyy2qwC4C41sQAOaLohcxxZ90aESA==
